lockfileVersion: '9.0'

settings:
  autoInstallPeers: true
  excludeLinksFromLockfile: false

importers:

  .:
    dependencies:
      '@adpro/milthm-data-reader':
        specifier: ^1.1.6
        version: 1.1.6
      json5:
        specifier: ^2.2.3
        version: 2.2.3
      localforage:
        specifier: ^1.10.0
        version: 1.10.0
      mdui:
        specifier: ^2.1.4
        version: 2.1.4
      pinia:
        specifier: ^3.0.3
        version: 3.0.3(typescript@5.9.2)(vue@3.5.18(typescript@5.9.2))
      sql.js:
        specifier: ^1.13.0
        version: 1.13.0
      vue:
        specifier: ^3.5.18
        version: 3.5.18(typescript@5.9.2)
    devDependencies:
      '@rollup/plugin-wasm':
        specifier: ^6.2.2
        version: 6.2.2(rollup@4.46.3)
      '@types/dom-to-image':
        specifier: ^2.6.7
        version: 2.6.7
      '@types/sql.js':
        specifier: ^1.4.9
        version: 1.4.9
      '@vitejs/plugin-vue':
        specifier: ^6.0.1
        version: 6.0.1(vite@7.1.3(@types/node@24.3.0))(vue@3.5.18(typescript@5.9.2))
      '@vue/tsconfig':
        specifier: ^0.8.1
        version: 0.8.1(typescript@5.9.2)(vue@3.5.18(typescript@5.9.2))
      typescript:
        specifier: ~5.9.2
        version: 5.9.2
      unplugin-fonts:
        specifier: ^1.4.0
        version: 1.4.0(vite@7.1.3(@types/node@24.3.0))
      vite:
        specifier: ^7.1.3
        version: 7.1.3(@types/node@24.3.0)
      vue-tsc:
        specifier: ^3.0.5
        version: 3.0.5(typescript@5.9.2)

packages:

  '@adpro/milthm-data-reader@1.1.6':
    resolution: {integrity: sha512-nVV+syEqI1AvVlC3nS1ECAnLP2tlRsfFMdzZ1LKtkAmBblcfeW2tkIIi4PfsmfL72FKHtWjhAtJ2gwY31vK0mQ==}
    engines: {node: '>=22'}

  '@babel/helper-string-parser@7.27.1':
    resolution: {integrity: sha512-qMlSxKbpRlAridDExk92nSobyDdpPijUq2DW6oDnUqd0iOGxmQjyqhMIihI9+zv4LPyZdRje2cavWPbCbWm3eA==}
    engines: {node: '>=6.9.0'}

  '@babel/helper-validator-identifier@7.27.1':
    resolution: {integrity: sha512-D2hP9eA+Sqx1kBZgzxZh0y1trbuU+JoDkiEwqhQ36nodYqJwyEIhPSdMNd7lOm/4io72luTPWH20Yda0xOuUow==}
    engines: {node: '>=6.9.0'}

  '@babel/parser@7.28.3':
    resolution: {integrity: sha512-7+Ey1mAgYqFAx2h0RuoxcQT5+MlG3GTV0TQrgr7/ZliKsm/MNDxVVutlWaziMq7wJNAz8MTqz55XLpWvva6StA==}
    engines: {node: '>=6.0.0'}
    hasBin: true

  '@babel/types@7.28.2':
    resolution: {integrity: sha512-ruv7Ae4J5dUYULmeXw1gmb7rYRz57OWCPM57pHojnLq/3Z1CK2lNSLTCVjxVk1F/TZHwOZZrOWi0ur95BbLxNQ==}
    engines: {node: '>=6.9.0'}

  '@esbuild/aix-ppc64@0.25.9':
    resolution: {integrity: sha512-OaGtL73Jck6pBKjNIe24BnFE6agGl+6KxDtTfHhy1HmhthfKouEcOhqpSL64K4/0WCtbKFLOdzD/44cJ4k9opA==}
    engines: {node: '>=18'}
    cpu: [ppc64]
    os: [aix]

  '@esbuild/android-arm64@0.25.9':
    resolution: {integrity: sha512-IDrddSmpSv51ftWslJMvl3Q2ZT98fUSL2/rlUXuVqRXHCs5EUF1/f+jbjF5+NG9UffUDMCiTyh8iec7u8RlTLg==}
    engines: {node: '>=18'}
    cpu: [arm64]
    os: [android]

  '@esbuild/android-arm@0.25.9':
    resolution: {integrity: sha512-5WNI1DaMtxQ7t7B6xa572XMXpHAaI/9Hnhk8lcxF4zVN4xstUgTlvuGDorBguKEnZO70qwEcLpfifMLoxiPqHQ==}
    engines: {node: '>=18'}
    cpu: [arm]
    os: [android]

  '@esbuild/android-x64@0.25.9':
    resolution: {integrity: sha512-I853iMZ1hWZdNllhVZKm34f4wErd4lMyeV7BLzEExGEIZYsOzqDWDf+y082izYUE8gtJnYHdeDpN/6tUdwvfiw==}
    engines: {node: '>=18'}
    cpu: [x64]
    os: [android]

  '@esbuild/darwin-arm64@0.25.9':
    resolution: {integrity: sha512-XIpIDMAjOELi/9PB30vEbVMs3GV1v2zkkPnuyRRURbhqjyzIINwj+nbQATh4H9GxUgH1kFsEyQMxwiLFKUS6Rg==}
    engines: {node: '>=18'}
    cpu: [arm64]
    os: [darwin]

  '@esbuild/darwin-x64@0.25.9':
    resolution: {integrity: sha512-jhHfBzjYTA1IQu8VyrjCX4ApJDnH+ez+IYVEoJHeqJm9VhG9Dh2BYaJritkYK3vMaXrf7Ogr/0MQ8/MeIefsPQ==}
    engines: {node: '>=18'}
    cpu: [x64]
    os: [darwin]

  '@esbuild/freebsd-arm64@0.25.9':
    resolution: {integrity: sha512-z93DmbnY6fX9+KdD4Ue/H6sYs+bhFQJNCPZsi4XWJoYblUqT06MQUdBCpcSfuiN72AbqeBFu5LVQTjfXDE2A6Q==}
    engines: {node: '>=18'}
    cpu: [arm64]
    os: [freebsd]

  '@esbuild/freebsd-x64@0.25.9':
    resolution: {integrity: sha512-mrKX6H/vOyo5v71YfXWJxLVxgy1kyt1MQaD8wZJgJfG4gq4DpQGpgTB74e5yBeQdyMTbgxp0YtNj7NuHN0PoZg==}
    engines: {node: '>=18'}
    cpu: [x64]
    os: [freebsd]

  '@esbuild/linux-arm64@0.25.9':
    resolution: {integrity: sha512-BlB7bIcLT3G26urh5Dmse7fiLmLXnRlopw4s8DalgZ8ef79Jj4aUcYbk90g8iCa2467HX8SAIidbL7gsqXHdRw==}
    engines: {node: '>=18'}
    cpu: [arm64]
    os: [linux]

  '@esbuild/linux-arm@0.25.9':
    resolution: {integrity: sha512-HBU2Xv78SMgaydBmdor38lg8YDnFKSARg1Q6AT0/y2ezUAKiZvc211RDFHlEZRFNRVhcMamiToo7bDx3VEOYQw==}
    engines: {node: '>=18'}
    cpu: [arm]
    os: [linux]

  '@esbuild/linux-ia32@0.25.9':
    resolution: {integrity: sha512-e7S3MOJPZGp2QW6AK6+Ly81rC7oOSerQ+P8L0ta4FhVi+/j/v2yZzx5CqqDaWjtPFfYz21Vi1S0auHrap3Ma3A==}
    engines: {node: '>=18'}
    cpu: [ia32]
    os: [linux]

  '@esbuild/linux-loong64@0.25.9':
    resolution: {integrity: sha512-Sbe10Bnn0oUAB2AalYztvGcK+o6YFFA/9829PhOCUS9vkJElXGdphz0A3DbMdP8gmKkqPmPcMJmJOrI3VYB1JQ==}
    engines: {node: '>=18'}
    cpu: [loong64]
    os: [linux]

  '@esbuild/linux-mips64el@0.25.9':
    resolution: {integrity: sha512-YcM5br0mVyZw2jcQeLIkhWtKPeVfAerES5PvOzaDxVtIyZ2NUBZKNLjC5z3/fUlDgT6w89VsxP2qzNipOaaDyA==}
    engines: {node: '>=18'}
    cpu: [mips64el]
    os: [linux]

  '@esbuild/linux-ppc64@0.25.9':
    resolution: {integrity: sha512-++0HQvasdo20JytyDpFvQtNrEsAgNG2CY1CLMwGXfFTKGBGQT3bOeLSYE2l1fYdvML5KUuwn9Z8L1EWe2tzs1w==}
    engines: {node: '>=18'}
    cpu: [ppc64]
    os: [linux]

  '@esbuild/linux-riscv64@0.25.9':
    resolution: {integrity: sha512-uNIBa279Y3fkjV+2cUjx36xkx7eSjb8IvnL01eXUKXez/CBHNRw5ekCGMPM0BcmqBxBcdgUWuUXmVWwm4CH9kg==}
    engines: {node: '>=18'}
    cpu: [riscv64]
    os: [linux]

  '@esbuild/linux-s390x@0.25.9':
    resolution: {integrity: sha512-Mfiphvp3MjC/lctb+7D287Xw1DGzqJPb/J2aHHcHxflUo+8tmN/6d4k6I2yFR7BVo5/g7x2Monq4+Yew0EHRIA==}
    engines: {node: '>=18'}
    cpu: [s390x]
    os: [linux]

  '@esbuild/linux-x64@0.25.9':
    resolution: {integrity: sha512-iSwByxzRe48YVkmpbgoxVzn76BXjlYFXC7NvLYq+b+kDjyyk30J0JY47DIn8z1MO3K0oSl9fZoRmZPQI4Hklzg==}
    engines: {node: '>=18'}
    cpu: [x64]
    os: [linux]

  '@esbuild/netbsd-arm64@0.25.9':
    resolution: {integrity: sha512-9jNJl6FqaUG+COdQMjSCGW4QiMHH88xWbvZ+kRVblZsWrkXlABuGdFJ1E9L7HK+T0Yqd4akKNa/lO0+jDxQD4Q==}
    engines: {node: '>=18'}
    cpu: [arm64]
    os: [netbsd]

  '@esbuild/netbsd-x64@0.25.9':
    resolution: {integrity: sha512-RLLdkflmqRG8KanPGOU7Rpg829ZHu8nFy5Pqdi9U01VYtG9Y0zOG6Vr2z4/S+/3zIyOxiK6cCeYNWOFR9QP87g==}
    engines: {node: '>=18'}
    cpu: [x64]
    os: [netbsd]

  '@esbuild/openbsd-arm64@0.25.9':
    resolution: {integrity: sha512-YaFBlPGeDasft5IIM+CQAhJAqS3St3nJzDEgsgFixcfZeyGPCd6eJBWzke5piZuZ7CtL656eOSYKk4Ls2C0FRQ==}
    engines: {node: '>=18'}
    cpu: [arm64]
    os: [openbsd]

  '@esbuild/openbsd-x64@0.25.9':
    resolution: {integrity: sha512-1MkgTCuvMGWuqVtAvkpkXFmtL8XhWy+j4jaSO2wxfJtilVCi0ZE37b8uOdMItIHz4I6z1bWWtEX4CJwcKYLcuA==}
    engines: {node: '>=18'}
    cpu: [x64]
    os: [openbsd]

  '@esbuild/openharmony-arm64@0.25.9':
    resolution: {integrity: sha512-4Xd0xNiMVXKh6Fa7HEJQbrpP3m3DDn43jKxMjxLLRjWnRsfxjORYJlXPO4JNcXtOyfajXorRKY9NkOpTHptErg==}
    engines: {node: '>=18'}
    cpu: [arm64]
    os: [openharmony]

  '@esbuild/sunos-x64@0.25.9':
    resolution: {integrity: sha512-WjH4s6hzo00nNezhp3wFIAfmGZ8U7KtrJNlFMRKxiI9mxEK1scOMAaa9i4crUtu+tBr+0IN6JCuAcSBJZfnphw==}
    engines: {node: '>=18'}
    cpu: [x64]
    os: [sunos]

  '@esbuild/win32-arm64@0.25.9':
    resolution: {integrity: sha512-mGFrVJHmZiRqmP8xFOc6b84/7xa5y5YvR1x8djzXpJBSv/UsNK6aqec+6JDjConTgvvQefdGhFDAs2DLAds6gQ==}
    engines: {node: '>=18'}
    cpu: [arm64]
    os: [win32]

  '@esbuild/win32-ia32@0.25.9':
    resolution: {integrity: sha512-b33gLVU2k11nVx1OhX3C8QQP6UHQK4ZtN56oFWvVXvz2VkDoe6fbG8TOgHFxEvqeqohmRnIHe5A1+HADk4OQww==}
    engines: {node: '>=18'}
    cpu: [ia32]
    os: [win32]

  '@esbuild/win32-x64@0.25.9':
    resolution: {integrity: sha512-PPOl1mi6lpLNQxnGoyAfschAodRFYXJ+9fs6WHXz7CSWKbOqiMZsubC+BQsVKuul+3vKLuwTHsS2c2y9EoKwxQ==}
    engines: {node: '>=18'}
    cpu: [x64]
    os: [win32]

  '@floating-ui/utils@0.2.10':
    resolution: {integrity: sha512-aGTxbpbg8/b5JfU1HXSrbH3wXZuLPJcNEcZQFMxLs3oSzgtVu6nFPkbbGGUvBcUjKV2YyB9Wxxabo+HEH9tcRQ==}

  '@jridgewell/sourcemap-codec@1.5.5':
    resolution: {integrity: sha512-cYQ9310grqxueWbl+WuIUIaiUaDcj7WOq5fVhEljNVgRfOUhY9fy2zTvfoqWsnebh8Sl70VScFbICvJnLKB0Og==}

  '@lit-labs/ssr-dom-shim@1.4.0':
    resolution: {integrity: sha512-ficsEARKnmmW5njugNYKipTm4SFnbik7CXtoencDZzmzo/dQ+2Q0bgkzJuoJP20Aj0F+izzJjOqsnkd6F/o1bw==}

  '@lit/localize@0.12.2':
    resolution: {integrity: sha512-Qv9kvgJKDq/JVSwXOxuWvQnnOBysHA99ti9im9a4fImCmx+fto+XXcUYQbjZHqiueEEc4V20PcRDPO+1g/6seQ==}

  '@lit/reactive-element@2.1.1':
    resolution: {integrity: sha512-N+dm5PAYdQ8e6UlywyyrgI2t++wFGXfHx+dSJ1oBrg6FAxUj40jId++EaRm80MKX5JnlH1sBsyZ5h0bcZKemCg==}

  '@material/material-color-utilities@0.3.0':
    resolution: {integrity: sha512-ztmtTd6xwnuh2/xu+Vb01btgV8SQWYCaK56CkRK8gEkWe5TuDyBcYJ0wgkMRn+2VcE9KUmhvkz+N9GHrqw/C0g==}

  '@mdui/jq@3.0.3':
    resolution: {integrity: sha512-nI8QK9UPHhiIbECrC1aMdLXNxP6WgUtC9XwRPs/e56FtwduePyxPyloXmgU8VYw85i6TtYdgClHS9tW8JweNZA==}

  '@mdui/shared@1.0.8':
    resolution: {integrity: sha512-YY863fjHBuk8KtiO4uLDm1YyIVdGrWv4xUxfv8jP32WqIQBkSTbV7HN8jnKXXIej0NFP7pU89yGr4GJYzVszPg==}

  '@nodelib/fs.scandir@2.1.5':
    resolution: {integrity: sha512-vq24Bq3ym5HEQm2NKCr3yXDwjc7vTsEThRDnkp2DK9p1uqLR+DHurm/NOTo0KG7HYHU7eppKZj3MyqYuMBf62g==}
    engines: {node: '>= 8'}

  '@nodelib/fs.stat@2.0.5':
    resolution: {integrity: sha512-RkhPPp2zrqDAQA/2jNhnztcPAlv64XdhIp7a7454A5ovI7Bukxgt7MX7udwAu3zg1DcpPU0rz3VV1SeaqvY4+A==}
    engines: {node: '>= 8'}

  '@nodelib/fs.walk@1.2.8':
    resolution: {integrity: sha512-oGB+UxlgWcgQkgwo8GcEGwemoTFt3FIO9ababBmaGwXIoBKZ+GTy0pP185beGg7Llih/NSHSV2XAs1lnznocSg==}
    engines: {node: '>= 8'}

  '@rolldown/pluginutils@1.0.0-beta.29':
    resolution: {integrity: sha512-NIJgOsMjbxAXvoGq/X0gD7VPMQ8j9g0BiDaNjVNVjvl+iKXxL3Jre0v31RmBYeLEmkbj2s02v8vFTbUXi5XS2Q==}

  '@rollup/plugin-wasm@6.2.2':
    resolution: {integrity: sha512-gpC4R1G9Ni92ZIRTexqbhX7U+9estZrbhP+9SRb0DW9xpB9g7j34r+J2hqrcW/lRI7dJaU84MxZM0Rt82tqYPQ==}
    engines: {node: '>=14.0.0'}
    peerDependencies:
      rollup: ^1.20.0||^2.0.0||^3.0.0||^4.0.0
    peerDependenciesMeta:
      rollup:
        optional: true

  '@rollup/pluginutils@5.2.0':
    resolution: {integrity: sha512-qWJ2ZTbmumwiLFomfzTyt5Kng4hwPi9rwCYN4SHb6eaRU1KNO4ccxINHr/VhH4GgPlt1XfSTLX2LBTme8ne4Zw==}
    engines: {node: '>=14.0.0'}
    peerDependencies:
      rollup: ^1.20.0||^2.0.0||^3.0.0||^4.0.0
    peerDependenciesMeta:
      rollup:
        optional: true

  '@rollup/rollup-android-arm-eabi@4.46.3':
    resolution: {integrity: sha512-UmTdvXnLlqQNOCJnyksjPs1G4GqXNGW1LrzCe8+8QoaLhhDeTXYBgJ3k6x61WIhlHX2U+VzEJ55TtIjR/HTySA==}
    cpu: [arm]
    os: [android]

  '@rollup/rollup-android-arm64@4.46.3':
    resolution: {integrity: sha512-8NoxqLpXm7VyeI0ocidh335D6OKT0UJ6fHdnIxf3+6oOerZZc+O7r+UhvROji6OspyPm+rrIdb1gTXtVIqn+Sg==}
    cpu: [arm64]
    os: [android]

  '@rollup/rollup-darwin-arm64@4.46.3':
    resolution: {integrity: sha512-csnNavqZVs1+7/hUKtgjMECsNG2cdB8F7XBHP6FfQjqhjF8rzMzb3SLyy/1BG7YSfQ+bG75Ph7DyedbUqwq1rA==}
    cpu: [arm64]
    os: [darwin]

  '@rollup/rollup-darwin-x64@4.46.3':
    resolution: {integrity: sha512-r2MXNjbuYabSIX5yQqnT8SGSQ26XQc8fmp6UhlYJd95PZJkQD1u82fWP7HqvGUf33IsOC6qsiV+vcuD4SDP6iw==}
    cpu: [x64]
    os: [darwin]

  '@rollup/rollup-freebsd-arm64@4.46.3':
    resolution: {integrity: sha512-uluObTmgPJDuJh9xqxyr7MV61Imq+0IvVsAlWyvxAaBSNzCcmZlhfYcRhCdMaCsy46ccZa7vtDDripgs9Jkqsw==}
    cpu: [arm64]
    os: [freebsd]

  '@rollup/rollup-freebsd-x64@4.46.3':
    resolution: {integrity: sha512-AVJXEq9RVHQnejdbFvh1eWEoobohUYN3nqJIPI4mNTMpsyYN01VvcAClxflyk2HIxvLpRcRggpX1m9hkXkpC/A==}
    cpu: [x64]
    os: [freebsd]

  '@rollup/rollup-linux-arm-gnueabihf@4.46.3':
    resolution: {integrity: sha512-byyflM+huiwHlKi7VHLAYTKr67X199+V+mt1iRgJenAI594vcmGGddWlu6eHujmcdl6TqSNnvqaXJqZdnEWRGA==}
    cpu: [arm]
    os: [linux]

  '@rollup/rollup-linux-arm-musleabihf@4.46.3':
    resolution: {integrity: sha512-aLm3NMIjr4Y9LklrH5cu7yybBqoVCdr4Nvnm8WB7PKCn34fMCGypVNpGK0JQWdPAzR/FnoEoFtlRqZbBBLhVoQ==}
    cpu: [arm]
    os: [linux]

  '@rollup/rollup-linux-arm64-gnu@4.46.3':
    resolution: {integrity: sha512-VtilE6eznJRDIoFOzaagQodUksTEfLIsvXymS+UdJiSXrPW7Ai+WG4uapAc3F7Hgs791TwdGh4xyOzbuzIZrnw==}
    cpu: [arm64]
    os: [linux]

  '@rollup/rollup-linux-arm64-musl@4.46.3':
    resolution: {integrity: sha512-dG3JuS6+cRAL0GQ925Vppafi0qwZnkHdPeuZIxIPXqkCLP02l7ka+OCyBoDEv8S+nKHxfjvjW4OZ7hTdHkx8/w==}
    cpu: [arm64]
    os: [linux]

  '@rollup/rollup-linux-loongarch64-gnu@4.46.3':
    resolution: {integrity: sha512-iU8DxnxEKJptf8Vcx4XvAUdpkZfaz0KWfRrnIRrOndL0SvzEte+MTM7nDH4A2Now4FvTZ01yFAgj6TX/mZl8hQ==}
    cpu: [loong64]
    os: [linux]

  '@rollup/rollup-linux-ppc64-gnu@4.46.3':
    resolution: {integrity: sha512-VrQZp9tkk0yozJoQvQcqlWiqaPnLM6uY1qPYXvukKePb0fqaiQtOdMJSxNFUZFsGw5oA5vvVokjHrx8a9Qsz2A==}
    cpu: [ppc64]
    os: [linux]

  '@rollup/rollup-linux-riscv64-gnu@4.46.3':
    resolution: {integrity: sha512-uf2eucWSUb+M7b0poZ/08LsbcRgaDYL8NCGjUeFMwCWFwOuFcZ8D9ayPl25P3pl+D2FH45EbHdfyUesQ2Lt9wA==}
    cpu: [riscv64]
    os: [linux]

  '@rollup/rollup-linux-riscv64-musl@4.46.3':
    resolution: {integrity: sha512-7tnUcDvN8DHm/9ra+/nF7lLzYHDeODKKKrh6JmZejbh1FnCNZS8zMkZY5J4sEipy2OW1d1Ncc4gNHUd0DLqkSg==}
    cpu: [riscv64]
    os: [linux]

  '@rollup/rollup-linux-s390x-gnu@4.46.3':
    resolution: {integrity: sha512-MUpAOallJim8CsJK+4Lc9tQzlfPbHxWDrGXZm2z6biaadNpvh3a5ewcdat478W+tXDoUiHwErX/dOql7ETcLqg==}
    cpu: [s390x]
    os: [linux]

  '@rollup/rollup-linux-x64-gnu@4.46.3':
    resolution: {integrity: sha512-F42IgZI4JicE2vM2PWCe0N5mR5vR0gIdORPqhGQ32/u1S1v3kLtbZ0C/mi9FFk7C5T0PgdeyWEPajPjaUpyoKg==}
    cpu: [x64]
    os: [linux]

  '@rollup/rollup-linux-x64-musl@4.46.3':
    resolution: {integrity: sha512-oLc+JrwwvbimJUInzx56Q3ujL3Kkhxehg7O1gWAYzm8hImCd5ld1F2Gry5YDjR21MNb5WCKhC9hXgU7rRlyegQ==}
    cpu: [x64]
    os: [linux]

  '@rollup/rollup-win32-arm64-msvc@4.46.3':
    resolution: {integrity: sha512-lOrQ+BVRstruD1fkWg9yjmumhowR0oLAAzavB7yFSaGltY8klttmZtCLvOXCmGE9mLIn8IBV/IFrQOWz5xbFPg==}
    cpu: [arm64]
    os: [win32]

  '@rollup/rollup-win32-ia32-msvc@4.46.3':
    resolution: {integrity: sha512-vvrVKPRS4GduGR7VMH8EylCBqsDcw6U+/0nPDuIjXQRbHJc6xOBj+frx8ksfZAh6+Fptw5wHrN7etlMmQnPQVg==}
    cpu: [ia32]
    os: [win32]

  '@rollup/rollup-win32-x64-msvc@4.46.3':
    resolution: {integrity: sha512-fi3cPxCnu3ZeM3EwKZPgXbWoGzm2XHgB/WShKI81uj8wG0+laobmqy5wbgEwzstlbLu4MyO8C19FyhhWseYKNQ==}
    cpu: [x64]
    os: [win32]

  '@types/dom-to-image@2.6.7':
    resolution: {integrity: sha512-me5VbCv+fcXozblWwG13krNBvuEOm6kA5xoa4RrjDJCNFOZSWR3/QLtOXimBHk1Fisq69Gx3JtOoXtg1N1tijg==}

  '@types/emscripten@1.40.1':
    resolution: {integrity: sha512-sr53lnYkQNhjHNN0oJDdUm5564biioI5DuOpycufDVK7D3y+GR3oUswe2rlwY1nPNyusHbrJ9WoTyIHl4/Bpwg==}

  '@types/estree@1.0.8':
    resolution: {integrity: sha512-dWHzHa2WqEXI/O1E9OjrocMTKJl2mSrEolh1Iomrv6U+JuNwaHXsXx9bLu5gG7BUWFIN0skIQJQ/L1rIex4X6w==}

  '@types/node@24.1.0':
    resolution: {integrity: sha512-ut5FthK5moxFKH2T1CUOC6ctR67rQRvvHdFLCD2Ql6KXmMuCrjsSsRI9UsLCm9M18BMwClv4pn327UvB7eeO1w==}

  '@types/node@24.3.0':
    resolution: {integrity: sha512-aPTXCrfwnDLj4VvXrm+UUCQjNEvJgNA8s5F1cvwQU+3KNltTOkBm1j30uNLyqqPNe7gE3KFzImYoZEfLhp4Yow==}

  '@types/sql.js@1.4.9':
    resolution: {integrity: sha512-ep8b36RKHlgWPqjNG9ToUrPiwkhwh0AEzy883mO5Xnd+cL6VBH1EvSjBAAuxLUFF2Vn/moE3Me6v9E1Lo+48GQ==}

  '@types/trusted-types@2.0.7':
    resolution: {integrity: sha512-ScaPdn1dQczgbl0QFTeTOmVHFULt394XJgOQNoyVhZ6r2vLnMLJfBPd53SB52T/3G36VI1/g2MZaX0cwDuXsfw==}

  '@vitejs/plugin-vue@6.0.1':
    resolution: {integrity: sha512-+MaE752hU0wfPFJEUAIxqw18+20euHHdxVtMvbFcOEpjEyfqXH/5DCoTHiVJ0J29EhTJdoTkjEv5YBKU9dnoTw==}
    engines: {node: ^20.19.0 || >=22.12.0}
    peerDependencies:
      vite: ^5.0.0 || ^6.0.0 || ^7.0.0
      vue: ^3.2.25

  '@volar/language-core@2.4.22':
    resolution: {integrity: sha512-gp4M7Di5KgNyIyO903wTClYBavRt6UyFNpc5LWfyZr1lBsTUY+QrVZfmbNF2aCyfklBOVk9YC4p+zkwoyT7ECg==}

  '@volar/source-map@2.4.22':
    resolution: {integrity: sha512-L2nVr/1vei0xKRgO2tYVXtJYd09HTRjaZi418e85Q+QdbbqA8h7bBjfNyPPSsjnrOO4l4kaAo78c8SQUAdHvgA==}

  '@volar/typescript@2.4.22':
    resolution: {integrity: sha512-6ZczlJW1/GWTrNnkmZxJp4qyBt/SGVlcTuCWpI5zLrdPdCZsj66Aff9ZsfFaT3TyjG8zVYgBMYPuCm/eRkpcpQ==}

  '@vue/compiler-core@3.5.18':
    resolution: {integrity: sha512-3slwjQrrV1TO8MoXgy3aynDQ7lslj5UqDxuHnrzHtpON5CBinhWjJETciPngpin/T3OuW3tXUf86tEurusnztw==}

  '@vue/compiler-dom@3.5.18':
    resolution: {integrity: sha512-RMbU6NTU70++B1JyVJbNbeFkK+A+Q7y9XKE2EM4NLGm2WFR8x9MbAtWxPPLdm0wUkuZv9trpwfSlL6tjdIa1+A==}

  '@vue/compiler-sfc@3.5.18':
    resolution: {integrity: sha512-5aBjvGqsWs+MoxswZPoTB9nSDb3dhd1x30xrrltKujlCxo48j8HGDNj3QPhF4VIS0VQDUrA1xUfp2hEa+FNyXA==}

  '@vue/compiler-ssr@3.5.18':
    resolution: {integrity: sha512-xM16Ak7rSWHkM3m22NlmcdIM+K4BMyFARAfV9hYFl+SFuRzrZ3uGMNW05kA5pmeMa0X9X963Kgou7ufdbpOP9g==}

  '@vue/compiler-vue2@2.7.16':
    resolution: {integrity: sha512-qYC3Psj9S/mfu9uVi5WvNZIzq+xnXMhOwbTFKKDD7b1lhpnn71jXSFdTQ+WsIEk0ONCd7VV2IMm7ONl6tbQ86A==}

  '@vue/devtools-api@7.7.7':
    resolution: {integrity: sha512-lwOnNBH2e7x1fIIbVT7yF5D+YWhqELm55/4ZKf45R9T8r9dE2AIOy8HKjfqzGsoTHFbWbr337O4E0A0QADnjBg==}

  '@vue/devtools-kit@7.7.7':
    resolution: {integrity: sha512-wgoZtxcTta65cnZ1Q6MbAfePVFxfM+gq0saaeytoph7nEa7yMXoi6sCPy4ufO111B9msnw0VOWjPEFCXuAKRHA==}

  '@vue/devtools-shared@7.7.7':
    resolution: {integrity: sha512-+udSj47aRl5aKb0memBvcUG9koarqnxNM5yjuREvqwK6T3ap4mn3Zqqc17QrBFTqSMjr3HK1cvStEZpMDpfdyw==}

  '@vue/language-core@3.0.5':
    resolution: {integrity: sha512-gCEjn9Ik7I/seHVNIEipOm8W+f3/kg60e8s1IgIkMYma2wu9ZGUTMv3mSL2bX+Md2L8fslceJ4SU8j1fgSRoiw==}
    peerDependencies:
      typescript: '*'
    peerDependenciesMeta:
      typescript:
        optional: true

  '@vue/reactivity@3.5.18':
    resolution: {integrity: sha512-x0vPO5Imw+3sChLM5Y+B6G1zPjwdOri9e8V21NnTnlEvkxatHEH5B5KEAJcjuzQ7BsjGrKtfzuQ5eQwXh8HXBg==}

  '@vue/runtime-core@3.5.18':
    resolution: {integrity: sha512-DUpHa1HpeOQEt6+3nheUfqVXRog2kivkXHUhoqJiKR33SO4x+a5uNOMkV487WPerQkL0vUuRvq/7JhRgLW3S+w==}

  '@vue/runtime-dom@3.5.18':
    resolution: {integrity: sha512-YwDj71iV05j4RnzZnZtGaXwPoUWeRsqinblgVJwR8XTXYZ9D5PbahHQgsbmzUvCWNF6x7siQ89HgnX5eWkr3mw==}

  '@vue/server-renderer@3.5.18':
    resolution: {integrity: sha512-PvIHLUoWgSbDG7zLHqSqaCoZvHi6NNmfVFOqO+OnwvqMz/tqQr3FuGWS8ufluNddk7ZLBJYMrjcw1c6XzR12mA==}
    peerDependencies:
      vue: 3.5.18

  '@vue/shared@3.5.18':
    resolution: {integrity: sha512-cZy8Dq+uuIXbxCZpuLd2GJdeSO/lIzIspC2WtkqIpje5QyFbvLaI5wZtdUjLHjGZrlVX6GilejatWwVYYRc8tA==}

  '@vue/tsconfig@0.8.1':
    resolution: {integrity: sha512-aK7feIWPXFSUhsCP9PFqPyFOcz4ENkb8hZ2pneL6m2UjCkccvaOhC/5KCKluuBufvp2KzkbdA2W2pk20vLzu3g==}
    peerDependencies:
      typescript: 5.x
      vue: ^3.4.0
    peerDependenciesMeta:
      typescript:
        optional: true
      vue:
        optional: true

  acorn@8.15.0:
    resolution: {integrity: sha512-NZyJarBfL7nWwIq+FDL6Zp/yHEhePMNnnJ0y3qfieCrmNvYct8uvtiV41UvlSe6apAfk0fY1FbWx+NwfmpvtTg==}
    engines: {node: '>=0.4.0'}
    hasBin: true

  alien-signals@2.0.7:
    resolution: {integrity: sha512-wE7y3jmYeb0+h6mr5BOovuqhFv22O/MV9j5p0ndJsa7z1zJNPGQ4ph5pQk/kTTCWRC3xsA4SmtwmkzQO+7NCNg==}

  birpc@2.5.0:
    resolution: {integrity: sha512-VSWO/W6nNQdyP520F1mhf+Lc2f8pjGQOtoHHm7Ze8Go1kX7akpVIrtTa0fn+HB0QJEDVacl6aO08YE0PgXfdnQ==}

  braces@3.0.3:
    resolution: {integrity: sha512-yQbXgO/OSZVD2IsiLlro+7Hf6Q18EJrKSEsdoMzKePKXct3gvD8oLcOQdIzGupr5Fj+EDe8gO/lxc1BzfMpxvA==}
    engines: {node: '>=8'}

  classcat@5.0.5:
    resolution: {integrity: sha512-JhZUT7JFcQy/EzW605k/ktHtncoo9vnyW/2GspNYwFlN1C/WmjuV/xtS04e9SOkL2sTdw0VAZ2UGCcQ9lR6p6w==}

  copy-anything@3.0.5:
    resolution: {integrity: sha512-yCEafptTtb4bk7GLEQoM8KVJpxAfdBJYaXyzQEgQQQgYrZiDp8SJmGKlYza6CYjEDNstAdNdKA3UuoULlEbS6w==}
    engines: {node: '>=12.13'}

  csstype@3.1.3:
    resolution: {integrity: sha512-M1uQkMl8rQK/szD0LNhtqxIPLpimGm8sOBwU7lLnCpSbTyY3yeU1Vc7l4KT5zT4s/yOxHH5O7tIuuLOCnLADRw==}

  de-indent@1.0.2:
    resolution: {integrity: sha512-e/1zu3xH5MQryN2zdVaF0OrdNLUbvWxzMbi+iNA6Bky7l1RoP8a2fIbRocyHclXt/arDrrR6lL3TqFD9pMQTsg==}

  entities@4.5.0:
    resolution: {integrity: sha512-V0hjH4dGPh9Ao5p0MoRY6BVqtwCjhz6vI5LT8AJ55H+4g9/4vbHx1I54fS0XuclLhDHArPQCiMjDxjaL8fPxhw==}
    engines: {node: '>=0.12'}

  esbuild@0.25.9:
    resolution: {integrity: sha512-CRbODhYyQx3qp7ZEwzxOk4JBqmD/seJrzPa/cGjY1VtIn5E09Oi9/dB4JwctnfZ8Q8iT7rioVv5k/FNT/uf54g==}
    engines: {node: '>=18'}
    hasBin: true

  estree-walker@2.0.2:
    resolution: {integrity: sha512-Rfkk/Mp/DL7JVje3u18FxFujQlTNR2q6QfMSMB7AvCBx91NGj/ba3kCfza0f6dVDbw7YlRf/nDrn7pQrCCyQ/w==}

  fast-glob@3.3.3:
    resolution: {integrity: sha512-7MptL8U0cqcFdzIzwOTHoilX9x5BrNqye7Z/LuC7kCMRio1EMSyqRK3BEAUD7sXRq4iT4AzTVuZdhgQ2TCvYLg==}
    engines: {node: '>=8.6.0'}

  fastq@1.19.1:
    resolution: {integrity: sha512-GwLTyxkCXjXbxqIhTsMI2Nui8huMPtnxg7krajPJAjnEG/iiOS7i+zCtWGZR9G0NBKbXKh6X9m9UIsYX/N6vvQ==}

  fdir@6.5.0:
    resolution: {integrity: sha512-tIbYtZbucOs0BRGqPJkshJUYdL+SDH7dVM8gjy+ERp3WAUjLEFJE+02kanyHtwjWOnwrKYBiwAmM0p4kLJAnXg==}
    engines: {node: '>=12.0.0'}
    peerDependencies:
      picomatch: ^3 || ^4
    peerDependenciesMeta:
      picomatch:
        optional: true

  fill-range@7.1.1:
    resolution: {integrity: sha512-YsGpe3WHLK8ZYi4tWDg2Jy3ebRz2rXowDxnld4bkQB00cc/1Zw9AWnC0i9ztDJitivtQvaI9KaLyKrc+hBW0yg==}
    engines: {node: '>=8'}

  fsevents@2.3.3:
    resolution: {integrity: sha512-5xoDfX+fL7faATnagmWPpbFtwh/R77WmMMqqHGS65C3vvB0YHrgF+B1YmZ3441tMj5n63k0212XNoJwzlhffQw==}
    engines: {node: ^8.16.0 || ^10.6.0 || >=11.0.0}
    os: [darwin]

  glob-parent@5.1.2:
    resolution: {integrity: sha512-AOIgSQCepiJYwP3ARnGx+5VnTu2HBYdzbGP45eLw1vr3zB3vZLeyed1sC9hnbcOc9/SrMyM5RPQrkGz4aS9Zow==}
    engines: {node: '>= 6'}

  he@1.2.0:
    resolution: {integrity: sha512-F/1DnUGPopORZi0ni+CvrCgHQ5FyEAHRLSApuYWMmrbSwoN2Mn/7k+Gl38gJnR7yyDZk6WLXwiGod1JOWNDKGw==}
    hasBin: true

  hookable@5.5.3:
    resolution: {integrity: sha512-Yc+BQe8SvoXH1643Qez1zqLRmbA5rCL+sSmk6TVos0LWVfNIB7PGncdlId77WzLGSIB5KaWgTaNTs2lNVEI6VQ==}

  immediate@3.0.6:
    resolution: {integrity: sha512-XXOFtyqDjNDAQxVfYxuF7g9Il/IbWmmlQg2MYKOH8ExIT1qg6xc4zyS3HaEEATgs1btfzxq15ciUiY7gjSXRGQ==}

  is-extglob@2.1.1:
    resolution: {integrity: sha512-SbKbANkN603Vi4jEZv49LeVJMn4yGwsbzZworEoyEiutsN3nJYdbO36zfhGJ6QEDpOZIFkDtnq5JRxmvl3jsoQ==}
    engines: {node: '>=0.10.0'}

  is-glob@4.0.3:
    resolution: {integrity: sha512-xelSayHH36ZgE7ZWhli7pW34hNbNl8Ojv5KVmkJD4hBdD3th8Tfk9vYasLM+mXWOZhFkgZfxhLSnrwRr4elSSg==}
    engines: {node: '>=0.10.0'}

  is-number@7.0.0:
    resolution: {integrity: sha512-41Cifkg6e8TylSpdtTpeLVMqvSBEVzTttHvERD741+pnZ8ANv0004MRL43QKPDlK9cGvNp6NZWZUBlbGXYxxng==}
    engines: {node: '>=0.12.0'}

  is-promise@4.0.0:
    resolution: {integrity: sha512-hvpoI6korhJMnej285dSg6nu1+e6uxs7zG3BYAm5byqDsgJNWwxzM6z6iZiAgQR4TJ30JmBTOwqZUw3WlyH3AQ==}

  is-what@4.1.16:
    resolution: {integrity: sha512-ZhMwEosbFJkA0YhFnNDgTM4ZxDRsS6HqTo7qsZM08fehyRYIYa0yHu5R6mgo1n/8MgaPBXiPimPD77baVFYg+A==}
    engines: {node: '>=12.13'}

  json5@2.2.3:
    resolution: {integrity: sha512-XmOWe7eyHYH14cLdVPoyg+GOH3rYX++KpzrylJwSW98t3Nk+U8XOl8FWKOgwtzdb8lXGf6zYwDUzeHMWfxasyg==}
    engines: {node: '>=6'}
    hasBin: true

  lie@3.1.1:
    resolution: {integrity: sha512-RiNhHysUjhrDQntfYSfY4MU24coXXdEOgw9WGcKHNeEwffDYbF//u87M1EWaMGzuFoSbqW0C9C6lEEhDOAswfw==}

  lit-element@4.2.1:
    resolution: {integrity: sha512-WGAWRGzirAgyphK2urmYOV72tlvnxw7YfyLDgQ+OZnM9vQQBQnumQ7jUJe6unEzwGU3ahFOjuz1iz1jjrpCPuw==}

  lit-html@3.3.1:
    resolution: {integrity: sha512-S9hbyDu/vs1qNrithiNyeyv64c9yqiW9l+DBgI18fL+MTvOtWoFR0FWiyq1TxaYef5wNlpEmzlXoBlZEO+WjoA==}

  lit@3.3.1:
    resolution: {integrity: sha512-Ksr/8L3PTapbdXJCk+EJVB78jDodUMaP54gD24W186zGRARvwrsPfS60wae/SSCTCNZVPd1chXqio1qHQmu4NA==}

  localforage@1.10.0:
    resolution: {integrity: sha512-14/H1aX7hzBBmmh7sGPd+AOMkkIrHM3Z1PAyGgZigA1H1p5O5ANnMyWzvpAETtG68/dC4pC0ncy3+PPGzXZHPg==}

  magic-string@0.30.17:
    resolution: {integrity: sha512-sNPKHvyjVf7gyjwS4xGTaW/mCnF8wnjtifKBEhxfZ7E/S8tQ0rssrwGNn6q8JH/ohItJfSQp9mBtQYuTlH5QnA==}

  mdui@2.1.4:
    resolution: {integrity: sha512-QtK5xia5HXtVO7yH30QjwvvNruw5JdrJL1MEc1k6S/ZfsbHOj6BxxdYjrdv2HiN5ikkGqt5CIbZdFyq6shaZyw==}

  merge2@1.4.1:
    resolution: {integrity: sha512-8q7VEgMJW4J8tcfVPy8g09NcQwZdbwFEqhe/WZkoIzjn/3TGDwtOCYtXGxA3O8tPzpczCCDgv+P2P5y00ZJOOg==}
    engines: {node: '>= 8'}

  micromatch@4.0.8:
    resolution: {integrity: sha512-PXwfBhYu0hBCPw8Dn0E+WDYb7af3dSLVWKi3HGv84IdF4TyFoC0ysxFd0Goxw7nSv4T/PzEJQxsYsEiFCKo2BA==}
    engines: {node: '>=8.6'}

  mitt@3.0.1:
    resolution: {integrity: sha512-vKivATfr97l2/QBCYAkXYDbrIWPM2IIKEl7YPhjCvKlG3kE2gm+uBo6nEXK3M5/Ffh/FLpKExzOQ3JJoJGFKBw==}

  muggle-string@0.4.1:
    resolution: {integrity: sha512-VNTrAak/KhO2i8dqqnqnAHOa3cYBwXEZe9h+D5h/1ZqFSTEFHdM65lR7RoIqq3tBBYavsOXV84NoHXZ0AkPyqQ==}

  nanoid@3.3.11:
    resolution: {integrity: sha512-N8SpfPUnUp1bK+PMYW8qSWdl9U+wwNWI4QKxOYDy9JAro3WMX7p2OeVRF9v+347pnakNevPmiHhNmZ2HbFA76w==}
    engines: {node: ^10 || ^12 || ^13.7 || ^14 || >=15.0.1}
    hasBin: true

  path-browserify@1.0.1:
    resolution: {integrity: sha512-b7uo2UCUOYZcnF/3ID0lulOJi/bafxa1xPe7ZPsammBSpjSWQkjNxlt635YGS2MiR9GjvuXCtz2emr3jbsz98g==}

  perfect-debounce@1.0.0:
    resolution: {integrity: sha512-xCy9V055GLEqoFaHoC1SoLIaLmWctgCUaBaWxDZ7/Zx4CTyX7cJQLJOok/orfjZAh9kEYpjJa4d0KcJmCbctZA==}

  picocolors@1.1.1:
    resolution: {integrity: sha512-xceH2snhtb5M9liqDsmEw56le376mTZkEX/jEb/RxNFyegNul7eNslCXP9FDj/Lcu0X8KEyMceP2ntpaHrDEVA==}

  picomatch@2.3.1:
    resolution: {integrity: sha512-JU3teHTNjmE2VCGFzuY8EXzCDVwEqB2a8fsIvwaStHhAWJEeVd1o1QD80CU6+ZdEXXSLbSsuLwJjkCBWqRQUVA==}
    engines: {node: '>=8.6'}

  picomatch@4.0.3:
    resolution: {integrity: sha512-5gTmgEY/sqK6gFXLIsQNH19lWb4ebPDLA4SdLP7dsWkIXHWlG66oPuVvXSGFPppYZz8ZDZq0dYYrbHfBCVUb1Q==}
    engines: {node: '>=12'}

  pinia@3.0.3:
    resolution: {integrity: sha512-ttXO/InUULUXkMHpTdp9Fj4hLpD/2AoJdmAbAeW2yu1iy1k+pkFekQXw5VpC0/5p51IOR/jDaDRfRWRnMMsGOA==}
    peerDependencies:
      typescript: '>=4.4.4'
      vue: ^2.7.0 || ^3.5.11
    peerDependenciesMeta:
      typescript:
        optional: true

  postcss@8.5.6:
    resolution: {integrity: sha512-3Ybi1tAuwAP9s0r1UQ2J4n5Y0G05bJkpUIO0/bI9MhwmD70S5aTWbXGBwxHrelT+XM1k6dM0pk+SwNkpTRN7Pg==}
    engines: {node: ^10 || ^12 || >=14}

  queue-microtask@1.2.3:
    resolution: {integrity: sha512-NuaNSa6flKT5JaSYQzJok04JzTL1CA6aGhv5rfLW3PgqA+M2ChpZQnAC8h8i4ZFkBS8X5RqkDBHA7r4hej3K9A==}

  reusify@1.1.0:
    resolution: {integrity: sha512-g6QUff04oZpHs0eG5p83rFLhHeV00ug/Yf9nZM6fLeUrPguBTkTQOdpAWWspMh55TZfVQDPaN3NQJfbVRAxdIw==}
    engines: {iojs: '>=1.0.0', node: '>=0.10.0'}

  rfdc@1.4.1:
    resolution: {integrity: sha512-q1b3N5QkRUWUl7iyylaaj3kOpIT0N2i9MqIEQXP73GVsN9cw3fdx8X63cEmWhJGi2PPCF23Ijp7ktmd39rawIA==}

  rollup@4.46.3:
    resolution: {integrity: sha512-RZn2XTjXb8t5g13f5YclGoilU/kwT696DIkY3sywjdZidNSi3+vseaQov7D7BZXVJCPv3pDWUN69C78GGbXsKw==}
    engines: {node: '>=18.0.0', npm: '>=8.0.0'}
    hasBin: true

  run-parallel@1.2.0:
    resolution: {integrity: sha512-5l4VyZR86LZ/lDxZTR6jqL8AFE2S0IFLMP26AbjsLVADxHdhB/c0GUsH+y39UfCi3dzz8OlQuPmnaJOMoDHQBA==}

  source-map-js@1.2.1:
    resolution: {integrity: sha512-UXWMKhLOwVKb728IUtQPXxfYU+usdybtUrK/8uGE8CQMvrhOpwvzDBwj0QhSL7MQc7vIsISBG8VQ8+IDQxpfQA==}
    engines: {node: '>=0.10.0'}

  speakingurl@14.0.1:
    resolution: {integrity: sha512-1POYv7uv2gXoyGFpBCmpDVSNV74IfsWlDW216UPjbWufNf+bSU6GdbDsxdcxtfwb4xlI3yxzOTKClUosxARYrQ==}
    engines: {node: '>=0.10.0'}

  sql.js@1.13.0:
    resolution: {integrity: sha512-RJbVP1HRDlUUXahJ7VMTcu9Rm1Nzw+EBpoPr94vnbD4LwR715F3CcxE2G2k45PewcaZ57pjetYa+LoSJLAASgA==}

  ssr-window@5.0.1:
    resolution: {integrity: sha512-WVXlhQsm54HC+FnJfEbccEgNF7mKXtnFUB8Xn7rx2dsWHOlBdqezdX88Vjh6pVGaa0ZvL+PoSu7rEcBuNmxt6g==}

  superjson@2.2.2:
    resolution: {integrity: sha512-5JRxVqC8I8NuOUjzBbvVJAKNM8qoVuH0O77h4WInc/qC2q5IreqKxYwgkga3PfA22OayK2ikceb/B26dztPl+Q==}
    engines: {node: '>=16'}

  tinyglobby@0.2.14:
    resolution: {integrity: sha512-tX5e7OM1HnYr2+a2C/4V0htOcSQcoSTH9KgJnVvNm5zm/cyEWKJ7j7YutsH9CxMdtOkkLFy2AHrMci9IM8IPZQ==}
    engines: {node: '>=12.0.0'}

  to-regex-range@5.0.1:
    resolution: {integrity: sha512-65P7iz6X5yEr1cwcgvQxbbIw7Uk3gOy5dIdtZ4rDveLqhrdJP+Li/Hx6tyK0NEb+2GCyneCMJiGqrADCSNk8sQ==}
    engines: {node: '>=8.0'}

  tslib@2.8.1:
    resolution: {integrity: sha512-oJFu94HQb+KVduSUQL7wnpmqnfmLsOA/nAh6b6EH0wCEoK0/mPeXU6c3wKDV83MkOuHPRHtSXKKU99IBazS/2w==}

  typescript@5.8.3:
    resolution: {integrity: sha512-p1diW6TqL9L07nNxvRMM7hMMw4c5XOo/1ibL4aAIGmSAt9slTE1Xgw5KWuof2uTOvCg9BY7ZRi+GaF+7sfgPeQ==}
    engines: {node: '>=14.17'}
    hasBin: true

  typescript@5.9.2:
    resolution: {integrity: sha512-CWBzXQrc/qOkhidw1OzBTQuYRbfyxDXJMVJ1XNwUHGROVmuaeiEm3OslpZ1RV96d7SKKjZKrSJu3+t/xlw3R9A==}
    engines: {node: '>=14.17'}
    hasBin: true

  undici-types@7.10.0:
    resolution: {integrity: sha512-t5Fy/nfn+14LuOc2KNYg75vZqClpAiqscVvMygNnlsHBFpSXdJaYtXMcdNLpl/Qvc3P2cB3s6lOV51nqsFq4ag==}

  undici-types@7.8.0:
    resolution: {integrity: sha512-9UJ2xGDvQ43tYyVMpuHlsgApydB8ZKfVYTsLDhXkFL/6gfkp+U8xTGdh8pMJv1SpZna0zxG1DwsKZsreLbXBxw==}

  unplugin-fonts@1.4.0:
    resolution: {integrity: sha512-TIJqr5rSlK/+3oL5nnrrEJ+Ty2taQ/bTJY1C5abYnksl553Q3HoHVqS4pnRLDkwpZq8AYqywib3kEVvHH+CtRQ==}
    peerDependencies:
      '@nuxt/kit': ^3.0.0 || ^4.0.0
      vite: ^2.0.0 || ^3.0.0 || ^4.0.0 || ^5.0.0 || ^6.0.0 || ^7.0.0
    peerDependenciesMeta:
      '@nuxt/kit':
        optional: true

  unplugin@2.3.5:
    resolution: {integrity: sha512-RyWSb5AHmGtjjNQ6gIlA67sHOsWpsbWpwDokLwTcejVdOjEkJZh7QKu14J00gDDVSh8kGH4KYC/TNBceXFZhtw==}
    engines: {node: '>=18.12.0'}

  vite@7.1.3:
    resolution: {integrity: sha512-OOUi5zjkDxYrKhTV3V7iKsoS37VUM7v40+HuwEmcrsf11Cdx9y3DIr2Px6liIcZFwt3XSRpQvFpL3WVy7ApkGw==}
    engines: {node: ^20.19.0 || >=22.12.0}
    hasBin: true
    peerDependencies:
      '@types/node': ^20.19.0 || >=22.12.0
      jiti: '>=1.21.0'
      less: ^4.0.0
      lightningcss: ^1.21.0
      sass: ^1.70.0
      sass-embedded: ^1.70.0
      stylus: '>=0.54.8'
      sugarss: ^5.0.0
      terser: ^5.16.0
      tsx: ^4.8.1
      yaml: ^2.4.2
    peerDependenciesMeta:
      '@types/node':
        optional: true
      jiti:
        optional: true
      less:
        optional: true
      lightningcss:
        optional: true
      sass:
        optional: true
      sass-embedded:
        optional: true
      stylus:
        optional: true
      sugarss:
        optional: true
      terser:
        optional: true
      tsx:
        optional: true
      yaml:
        optional: true

  vscode-uri@3.1.0:
    resolution: {integrity: sha512-/BpdSx+yCQGnCvecbyXdxHDkuk55/G3xwnC0GqY4gmQ3j+A+g8kzzgB4Nk/SINjqn6+waqw3EgbVF2QKExkRxQ==}

  vue-tsc@3.0.5:
    resolution: {integrity: sha512-PsTFN9lo1HJCrZw9NoqjYcAbYDXY0cOKyuW2E7naX5jcaVyWpqEsZOHN9Dws5890E8e5SDAD4L4Zam3dxG3/Cw==}
    hasBin: true
    peerDependencies:
      typescript: '>=5.0.0'

  vue@3.5.18:
    resolution: {integrity: sha512-7W4Y4ZbMiQ3SEo+m9lnoNpV9xG7QVMLa+/0RFwwiAVkeYoyGXqWE85jabU4pllJNUzqfLShJ5YLptewhCWUgNA==}
    peerDependencies:
      typescript: '*'
    peerDependenciesMeta:
      typescript:
        optional: true

  webpack-virtual-modules@0.6.2:
    resolution: {integrity: sha512-66/V2i5hQanC51vBQKPH4aI8NMAcBW59FVBs+rC7eGHupMyfn34q7rZIE+ETlJ+XTevqfUhVVBgSUNSW2flEUQ==}

snapshots:

  '@adpro/milthm-data-reader@1.1.6':
    dependencies:
      '@types/node': 24.1.0
      typescript: 5.8.3

  '@babel/helper-string-parser@7.27.1': {}

  '@babel/helper-validator-identifier@7.27.1': {}

  '@babel/parser@7.28.3':
    dependencies:
      '@babel/types': 7.28.2

  '@babel/types@7.28.2':
    dependencies:
      '@babel/helper-string-parser': 7.27.1
      '@babel/helper-validator-identifier': 7.27.1

  '@esbuild/aix-ppc64@0.25.9':
    optional: true

  '@esbuild/android-arm64@0.25.9':
    optional: true

  '@esbuild/android-arm@0.25.9':
    optional: true

  '@esbuild/android-x64@0.25.9':
    optional: true

  '@esbuild/darwin-arm64@0.25.9':
    optional: true

  '@esbuild/darwin-x64@0.25.9':
    optional: true

  '@esbuild/freebsd-arm64@0.25.9':
    optional: true

  '@esbuild/freebsd-x64@0.25.9':
    optional: true

  '@esbuild/linux-arm64@0.25.9':
    optional: true

  '@esbuild/linux-arm@0.25.9':
    optional: true

  '@esbuild/linux-ia32@0.25.9':
    optional: true

  '@esbuild/linux-loong64@0.25.9':
    optional: true

  '@esbuild/linux-mips64el@0.25.9':
    optional: true

  '@esbuild/linux-ppc64@0.25.9':
    optional: true

  '@esbuild/linux-riscv64@0.25.9':
    optional: true

  '@esbuild/linux-s390x@0.25.9':
    optional: true

  '@esbuild/linux-x64@0.25.9':
    optional: true

  '@esbuild/netbsd-arm64@0.25.9':
    optional: true

  '@esbuild/netbsd-x64@0.25.9':
    optional: true

  '@esbuild/openbsd-arm64@0.25.9':
    optional: true

  '@esbuild/openbsd-x64@0.25.9':
    optional: true

  '@esbuild/openharmony-arm64@0.25.9':
    optional: true

  '@esbuild/sunos-x64@0.25.9':
    optional: true

  '@esbuild/win32-arm64@0.25.9':
    optional: true

  '@esbuild/win32-ia32@0.25.9':
    optional: true

  '@esbuild/win32-x64@0.25.9':
    optional: true

  '@floating-ui/utils@0.2.10': {}

  '@jridgewell/sourcemap-codec@1.5.5': {}

  '@lit-labs/ssr-dom-shim@1.4.0': {}

  '@lit/localize@0.12.2':
    dependencies:
      lit: 3.3.1

  '@lit/reactive-element@2.1.1':
    dependencies:
      '@lit-labs/ssr-dom-shim': 1.4.0

  '@material/material-color-utilities@0.3.0': {}

  '@mdui/jq@3.0.3':
    dependencies:
      ssr-window: 5.0.1
      tslib: 2.8.1

  '@mdui/shared@1.0.8':
    dependencies:
      '@lit/reactive-element': 2.1.1
      '@mdui/jq': 3.0.3
      lit: 3.3.1
      ssr-window: 5.0.1
      tslib: 2.8.1

  '@nodelib/fs.scandir@2.1.5':
    dependencies:
      '@nodelib/fs.stat': 2.0.5
      run-parallel: 1.2.0

  '@nodelib/fs.stat@2.0.5': {}

  '@nodelib/fs.walk@1.2.8':
    dependencies:
      '@nodelib/fs.scandir': 2.1.5
      fastq: 1.19.1

  '@rolldown/pluginutils@1.0.0-beta.29': {}

  '@rollup/plugin-wasm@6.2.2(rollup@4.46.3)':
    dependencies:
      '@rollup/pluginutils': 5.2.0(rollup@4.46.3)
    optionalDependencies:
      rollup: 4.46.3

  '@rollup/pluginutils@5.2.0(rollup@4.46.3)':
    dependencies:
      '@types/estree': 1.0.8
      estree-walker: 2.0.2
      picomatch: 4.0.3
    optionalDependencies:
      rollup: 4.46.3

  '@rollup/rollup-android-arm-eabi@4.46.3':
    optional: true

  '@rollup/rollup-android-arm64@4.46.3':
    optional: true

  '@rollup/rollup-darwin-arm64@4.46.3':
    optional: true

  '@rollup/rollup-darwin-x64@4.46.3':
    optional: true

  '@rollup/rollup-freebsd-arm64@4.46.3':
    optional: true

  '@rollup/rollup-freebsd-x64@4.46.3':
    optional: true

  '@rollup/rollup-linux-arm-gnueabihf@4.46.3':
    optional: true

  '@rollup/rollup-linux-arm-musleabihf@4.46.3':
    optional: true

  '@rollup/rollup-linux-arm64-gnu@4.46.3':
    optional: true

  '@rollup/rollup-linux-arm64-musl@4.46.3':
    optional: true

  '@rollup/rollup-linux-loongarch64-gnu@4.46.3':
    optional: true

  '@rollup/rollup-linux-ppc64-gnu@4.46.3':
    optional: true

  '@rollup/rollup-linux-riscv64-gnu@4.46.3':
    optional: true

  '@rollup/rollup-linux-riscv64-musl@4.46.3':
    optional: true

  '@rollup/rollup-linux-s390x-gnu@4.46.3':
    optional: true

  '@rollup/rollup-linux-x64-gnu@4.46.3':
    optional: true

  '@rollup/rollup-linux-x64-musl@4.46.3':
    optional: true

  '@rollup/rollup-win32-arm64-msvc@4.46.3':
    optional: true

  '@rollup/rollup-win32-ia32-msvc@4.46.3':
    optional: true

  '@rollup/rollup-win32-x64-msvc@4.46.3':
    optional: true

  '@types/dom-to-image@2.6.7': {}

  '@types/emscripten@1.40.1': {}

  '@types/estree@1.0.8': {}

  '@types/node@24.1.0':
    dependencies:
      undici-types: 7.8.0

  '@types/node@24.3.0':
    dependencies:
      undici-types: 7.10.0

  '@types/sql.js@1.4.9':
    dependencies:
      '@types/emscripten': 1.40.1
      '@types/node': 24.3.0

  '@types/trusted-types@2.0.7': {}

  '@vitejs/plugin-vue@6.0.1(vite@7.1.3(@types/node@24.3.0))(vue@3.5.18(typescript@5.9.2))':
    dependencies:
      '@rolldown/pluginutils': 1.0.0-beta.29
      vite: 7.1.3(@types/node@24.3.0)
      vue: 3.5.18(typescript@5.9.2)

  '@volar/language-core@2.4.22':
    dependencies:
      '@volar/source-map': 2.4.22

  '@volar/source-map@2.4.22': {}

  '@volar/typescript@2.4.22':
    dependencies:
      '@volar/language-core': 2.4.22
      path-browserify: 1.0.1
      vscode-uri: 3.1.0

  '@vue/compiler-core@3.5.18':
    dependencies:
      '@babel/parser': 7.28.3
      '@vue/shared': 3.5.18
      entities: 4.5.0
      estree-walker: 2.0.2
      source-map-js: 1.2.1

  '@vue/compiler-dom@3.5.18':
    dependencies:
      '@vue/compiler-core': 3.5.18
      '@vue/shared': 3.5.18

  '@vue/compiler-sfc@3.5.18':
    dependencies:
      '@babel/parser': 7.28.3
      '@vue/compiler-core': 3.5.18
      '@vue/compiler-dom': 3.5.18
      '@vue/compiler-ssr': 3.5.18
      '@vue/shared': 3.5.18
      estree-walker: 2.0.2
      magic-string: 0.30.17
      postcss: 8.5.6
      source-map-js: 1.2.1

  '@vue/compiler-ssr@3.5.18':
    dependencies:
      '@vue/compiler-dom': 3.5.18
      '@vue/shared': 3.5.18

  '@vue/compiler-vue2@2.7.16':
    dependencies:
      de-indent: 1.0.2
      he: 1.2.0

  '@vue/devtools-api@7.7.7':
    dependencies:
      '@vue/devtools-kit': 7.7.7

  '@vue/devtools-kit@7.7.7':
    dependencies:
      '@vue/devtools-shared': 7.7.7
      birpc: 2.5.0
      hookable: 5.5.3
      mitt: 3.0.1
      perfect-debounce: 1.0.0
      speakingurl: 14.0.1
      superjson: 2.2.2

  '@vue/devtools-shared@7.7.7':
    dependencies:
      rfdc: 1.4.1

  '@vue/language-core@3.0.5(typescript@5.9.2)':
    dependencies:
      '@volar/language-core': 2.4.22
      '@vue/compiler-dom': 3.5.18
      '@vue/compiler-vue2': 2.7.16
      '@vue/shared': 3.5.18
      alien-signals: 2.0.7
      muggle-string: 0.4.1
      path-browserify: 1.0.1
      picomatch: 4.0.3
    optionalDependencies:
      typescript: 5.9.2

  '@vue/reactivity@3.5.18':
    dependencies:
      '@vue/shared': 3.5.18

  '@vue/runtime-core@3.5.18':
    dependencies:
      '@vue/reactivity': 3.5.18
      '@vue/shared': 3.5.18

  '@vue/runtime-dom@3.5.18':
    dependencies:
      '@vue/reactivity': 3.5.18
      '@vue/runtime-core': 3.5.18
      '@vue/shared': 3.5.18
      csstype: 3.1.3

  '@vue/server-renderer@3.5.18(vue@3.5.18(typescript@5.9.2))':
    dependencies:
      '@vue/compiler-ssr': 3.5.18
      '@vue/shared': 3.5.18
      vue: 3.5.18(typescript@5.9.2)

  '@vue/shared@3.5.18': {}

  '@vue/tsconfig@0.8.1(typescript@5.9.2)(vue@3.5.18(typescript@5.9.2))':
    optionalDependencies:
      typescript: 5.9.2
      vue: 3.5.18(typescript@5.9.2)

  acorn@8.15.0: {}

  alien-signals@2.0.7: {}

  birpc@2.5.0: {}

  braces@3.0.3:
    dependencies:
      fill-range: 7.1.1

  classcat@5.0.5: {}

  copy-anything@3.0.5:
    dependencies:
      is-what: 4.1.16

  csstype@3.1.3: {}

  de-indent@1.0.2: {}

  entities@4.5.0: {}

  esbuild@0.25.9:
    optionalDependencies:
      '@esbuild/aix-ppc64': 0.25.9
      '@esbuild/android-arm': 0.25.9
      '@esbuild/android-arm64': 0.25.9
      '@esbuild/android-x64': 0.25.9
      '@esbuild/darwin-arm64': 0.25.9
      '@esbuild/darwin-x64': 0.25.9
      '@esbuild/freebsd-arm64': 0.25.9
      '@esbuild/freebsd-x64': 0.25.9
      '@esbuild/linux-arm': 0.25.9
      '@esbuild/linux-arm64': 0.25.9
      '@esbuild/linux-ia32': 0.25.9
      '@esbuild/linux-loong64': 0.25.9
      '@esbuild/linux-mips64el': 0.25.9
      '@esbuild/linux-ppc64': 0.25.9
      '@esbuild/linux-riscv64': 0.25.9
      '@esbuild/linux-s390x': 0.25.9
      '@esbuild/linux-x64': 0.25.9
      '@esbuild/netbsd-arm64': 0.25.9
      '@esbuild/netbsd-x64': 0.25.9
      '@esbuild/openbsd-arm64': 0.25.9
      '@esbuild/openbsd-x64': 0.25.9
      '@esbuild/openharmony-arm64': 0.25.9
      '@esbuild/sunos-x64': 0.25.9
      '@esbuild/win32-arm64': 0.25.9
      '@esbuild/win32-ia32': 0.25.9
      '@esbuild/win32-x64': 0.25.9

  estree-walker@2.0.2: {}

  fast-glob@3.3.3:
    dependencies:
      '@nodelib/fs.stat': 2.0.5
      '@nodelib/fs.walk': 1.2.8
      glob-parent: 5.1.2
      merge2: 1.4.1
      micromatch: 4.0.8

  fastq@1.19.1:
    dependencies:
      reusify: 1.1.0

  fdir@6.5.0(picomatch@4.0.3):
    optionalDependencies:
      picomatch: 4.0.3

  fill-range@7.1.1:
    dependencies:
      to-regex-range: 5.0.1

  fsevents@2.3.3:
    optional: true

  glob-parent@5.1.2:
    dependencies:
      is-glob: 4.0.3

  he@1.2.0: {}

  hookable@5.5.3: {}

  immediate@3.0.6: {}

  is-extglob@2.1.1: {}

  is-glob@4.0.3:
    dependencies:
      is-extglob: 2.1.1

  is-number@7.0.0: {}

  is-promise@4.0.0: {}

  is-what@4.1.16: {}

  json5@2.2.3: {}

  lie@3.1.1:
    dependencies:
      immediate: 3.0.6

  lit-element@4.2.1:
    dependencies:
      '@lit-labs/ssr-dom-shim': 1.4.0
      '@lit/reactive-element': 2.1.1
      lit-html: 3.3.1

  lit-html@3.3.1:
    dependencies:
      '@types/trusted-types': 2.0.7

  lit@3.3.1:
    dependencies:
      '@lit/reactive-element': 2.1.1
      lit-element: 4.2.1
      lit-html: 3.3.1

  localforage@1.10.0:
    dependencies:
      lie: 3.1.1

  magic-string@0.30.17:
    dependencies:
      '@jridgewell/sourcemap-codec': 1.5.5

  mdui@2.1.4:
    dependencies:
      '@floating-ui/utils': 0.2.10
      '@lit/localize': 0.12.2
      '@lit/reactive-element': 2.1.1
      '@material/material-color-utilities': 0.3.0
      '@mdui/jq': 3.0.3
      '@mdui/shared': 1.0.8
      classcat: 5.0.5
      is-promise: 4.0.0
      lit: 3.3.1
      ssr-window: 5.0.1
      tslib: 2.8.1

  merge2@1.4.1: {}

  micromatch@4.0.8:
    dependencies:
      braces: 3.0.3
      picomatch: 2.3.1

  mitt@3.0.1: {}

  muggle-string@0.4.1: {}

  nanoid@3.3.11: {}

  path-browserify@1.0.1: {}

  perfect-debounce@1.0.0: {}

  picocolors@1.1.1: {}

  picomatch@2.3.1: {}

  picomatch@4.0.3: {}

  pinia@3.0.3(typescript@5.9.2)(vue@3.5.18(typescript@5.9.2)):
    dependencies:
      '@vue/devtools-api': 7.7.7
      vue: 3.5.18(typescript@5.9.2)
    optionalDependencies:
      typescript: 5.9.2

  postcss@8.5.6:
    dependencies:
      nanoid: 3.3.11
      picocolors: 1.1.1
      source-map-js: 1.2.1

  queue-microtask@1.2.3: {}

  reusify@1.1.0: {}

  rfdc@1.4.1: {}

  rollup@4.46.3:
    dependencies:
      '@types/estree': 1.0.8
    optionalDependencies:
      '@rollup/rollup-android-arm-eabi': 4.46.3
      '@rollup/rollup-android-arm64': 4.46.3
      '@rollup/rollup-darwin-arm64': 4.46.3
      '@rollup/rollup-darwin-x64': 4.46.3
      '@rollup/rollup-freebsd-arm64': 4.46.3
      '@rollup/rollup-freebsd-x64': 4.46.3
      '@rollup/rollup-linux-arm-gnueabihf': 4.46.3
      '@rollup/rollup-linux-arm-musleabihf': 4.46.3
      '@rollup/rollup-linux-arm64-gnu': 4.46.3
      '@rollup/rollup-linux-arm64-musl': 4.46.3
      '@rollup/rollup-linux-loongarch64-gnu': 4.46.3
      '@rollup/rollup-linux-ppc64-gnu': 4.46.3
      '@rollup/rollup-linux-riscv64-gnu': 4.46.3
      '@rollup/rollup-linux-riscv64-musl': 4.46.3
      '@rollup/rollup-linux-s390x-gnu': 4.46.3
      '@rollup/rollup-linux-x64-gnu': 4.46.3
      '@rollup/rollup-linux-x64-musl': 4.46.3
      '@rollup/rollup-win32-arm64-msvc': 4.46.3
      '@rollup/rollup-win32-ia32-msvc': 4.46.3
      '@rollup/rollup-win32-x64-msvc': 4.46.3
      fsevents: 2.3.3

  run-parallel@1.2.0:
    dependencies:
      queue-microtask: 1.2.3

  source-map-js@1.2.1: {}

  speakingurl@14.0.1: {}

  sql.js@1.13.0: {}

  ssr-window@5.0.1: {}

  superjson@2.2.2:
    dependencies:
      copy-anything: 3.0.5

  tinyglobby@0.2.14:
    dependencies:
      fdir: 6.5.0(picomatch@4.0.3)
      picomatch: 4.0.3

  to-regex-range@5.0.1:
    dependencies:
      is-number: 7.0.0

  tslib@2.8.1: {}

  typescript@5.8.3: {}

  typescript@5.9.2: {}

  undici-types@7.10.0: {}

  undici-types@7.8.0: {}

  unplugin-fonts@1.4.0(vite@7.1.3(@types/node@24.3.0)):
    dependencies:
      fast-glob: 3.3.3
      unplugin: 2.3.5
      vite: 7.1.3(@types/node@24.3.0)

  unplugin@2.3.5:
    dependencies:
      acorn: 8.15.0
      picomatch: 4.0.3
      webpack-virtual-modules: 0.6.2

  vite@7.1.3(@types/node@24.3.0):
    dependencies:
      esbuild: 0.25.9
      fdir: 6.5.0(picomatch@4.0.3)
      picomatch: 4.0.3
      postcss: 8.5.6
      rollup: 4.46.3
      tinyglobby: 0.2.14
    optionalDependencies:
      '@types/node': 24.3.0
      fsevents: 2.3.3

  vscode-uri@3.1.0: {}

  vue-tsc@3.0.5(typescript@5.9.2):
    dependencies:
      '@volar/typescript': 2.4.22
      '@vue/language-core': 3.0.5(typescript@5.9.2)
      typescript: 5.9.2

  vue@3.5.18(typescript@5.9.2):
    dependencies:
      '@vue/compiler-dom': 3.5.18
      '@vue/compiler-sfc': 3.5.18
      '@vue/runtime-dom': 3.5.18
      '@vue/server-renderer': 3.5.18(vue@3.5.18(typescript@5.9.2))
      '@vue/shared': 3.5.18
    optionalDependencies:
      typescript: 5.9.2

  webpack-virtual-modules@0.6.2: {}
